<?xml version="1.0" encoding="utf-8"?>
<Project ToolsVersion="4.0" xmlns="http://schemas.microsoft.com/developer/msbuild/2003">
  <ItemGroup>
    <ClCompile Include="aircraftDB.cpp">
      <Filter>srcfiles</Filter>
    </ClCompile>
    <ClCompile Include="airlinesDB.cpp">
      <Filter>srcfiles</Filter>
    </ClCompile>
    <ClCompile Include="atcPosition.cpp">
      <Filter>srcfiles</Filter>
    </ClCompile>
    <ClCompile Include="awyFinder.cpp">
      <Filter>srcfiles</Filter>
    </ClCompile>
    <ClCompile Include="chatWindow.cpp">
      <Filter>srcfiles</Filter>
    </ClCompile>
    <ClCompile Include="configFile.cpp">
      <Filter>srcfiles</Filter>
    </ClCompile>
    <ClCompile Include="connectForm.cpp">
      <Filter>srcfiles</Filter>
    </ClCompile>
    <ClCompile Include="disconnectForm.cpp">
      <Filter>srcfiles</Filter>
    </ClCompile>
    <ClCompile Include="FlightLogger.cpp">
      <Filter>srcfiles</Filter>
    </ClCompile>
    <ClCompile Include="flightplanForm.cpp">
      <Filter>srcfiles</Filter>
    </ClCompile>
    <ClCompile Include="FMCform.cpp">
      <Filter>srcfiles</Filter>
    </ClCompile>
    <ClCompile Include="fsdapi.cpp">
      <Filter>srcfiles</Filter>
    </ClCompile>
    <ClCompile Include="fsdmessage.cpp">
      <Filter>srcfiles</Filter>
    </ClCompile>
    <ClCompile Include="HTTPclient.cpp">
      <Filter>srcfiles</Filter>
    </ClCompile>
    <ClCompile Include="interpolator.cpp">
      <Filter>srcfiles</Filter>
    </ClCompile>
    <ClCompile Include="messageHandler.cpp">
      <Filter>srcfiles</Filter>
    </ClCompile>
    <ClCompile Include="messageWindow.cpp">
      <Filter>srcfiles</Filter>
    </ClCompile>
    <ClCompile Include="multiplayerPilot.cpp">
      <Filter>srcfiles</Filter>
    </ClCompile>
    <ClCompile Include="planeposition.cpp">
      <Filter>srcfiles</Filter>
    </ClCompile>
    <ClCompile Include="..\..\Sdk\multiplayer\src\PlatformUtils.win.cpp">
      <Filter>srcfiles</Filter>
    </ClCompile>
    <ClCompile Include="refInspector.cpp">
      <Filter>srcfiles</Filter>
    </ClCompile>
    <ClCompile Include="SoundGraphics.cpp">
      <Filter>srcfiles</Filter>
    </ClCompile>
    <ClCompile Include="stb_image_aug.cpp">
      <Filter>srcfiles</Filter>
    </ClCompile>
    <ClCompile Include="systemcallbacks.cpp">
      <Filter>srcfiles</Filter>
    </ClCompile>
    <ClCompile Include="tcpsocket.cpp">
      <Filter>srcfiles</Filter>
    </ClCompile>
    <ClCompile Include="TeamSpeak.cpp">
      <Filter>srcfiles</Filter>
    </ClCompile>
    <ClCompile Include="..\..\Sdk\multiplayer\src\TexUtils.cpp">
      <Filter>srcfiles</Filter>
    </ClCompile>
    <ClCompile Include="TLVpacket.cpp">
      <Filter>srcfiles</Filter>
    </ClCompile>
    <ClCompile Include="..\..\Sdk\multiplayer\src\XUtils.cpp">
      <Filter>srcfiles</Filter>
    </ClCompile>
    <ClCompile Include="XPmessageBox.cpp">
      <Filter>srcfiles</Filter>
    </ClCompile>
    <ClCompile Include="..\..\Sdk\XPListBox.cpp">
      <Filter>srcfiles</Filter>
    </ClCompile>
    <ClCompile Include="xivapWin.cpp">
      <Filter>srcfiles</Filter>
    </ClCompile>
    <ClCompile Include="xivap.cpp">
      <Filter>srcfiles</Filter>
    </ClCompile>
    <ClCompile Include="WristWatch.cpp">
      <Filter>srcfiles</Filter>
    </ClCompile>
    <ClCompile Include="weatherPosition.cpp">
      <Filter>srcfiles</Filter>
    </ClCompile>
    <ClCompile Include="weatherGod.cpp">
      <Filter>srcfiles</Filter>
    </ClCompile>
    <ClCompile Include="uiWindow.cpp">
      <Filter>srcfiles</Filter>
    </ClCompile>
    <ClCompile Include="Tcas.cpp">
      <Filter>srcfiles</Filter>
    </ClCompile>
    <ClCompile Include="..\stund\StunClient.cpp">
      <Filter>headers</Filter>
    </ClCompile>
    <ClCompile Include="multiplayer.cpp">
      <Filter>srcfiles</Filter>
    </ClCompile>
    <ClCompile Include="navQuery.cpp">
      <Filter>srcfiles</Filter>
    </ClCompile>
    <ClCompile Include="..\..\Sdk\XPPopups.cpp">
      <Filter>srcfiles</Filter>
    </ClCompile>
    <ClCompile Include="..\..\Sdk\multiplayer\src\XObjDefs.cpp">
      <Filter>Multiplayer</Filter>
    </ClCompile>
    <ClCompile Include="..\..\Sdk\multiplayer\src\XObjReadWrite.cpp">
      <Filter>Multiplayer</Filter>
    </ClCompile>
    <ClCompile Include="..\..\Sdk\multiplayer\src\XOGLUtils.cpp">
      <Filter>Multiplayer</Filter>
    </ClCompile>
    <ClCompile Include="..\..\Sdk\multiplayer\src\XPMPMultiplayer.cpp">
      <Filter>Multiplayer</Filter>
    </ClCompile>
    <ClCompile Include="..\..\Sdk\multiplayer\src\XPMPMultiplayerCSL.cpp">
      <Filter>Multiplayer</Filter>
    </ClCompile>
    <ClCompile Include="..\..\Sdk\multiplayer\src\XPMPMultiplayerObj.cpp">
      <Filter>Multiplayer</Filter>
    </ClCompile>
    <ClCompile Include="..\..\Sdk\multiplayer\src\XPMPMultiplayerVars.cpp">
      <Filter>Multiplayer</Filter>
    </ClCompile>
    <ClCompile Include="..\..\Sdk\multiplayer\src\XPMPPlaneRenderer.cpp">
      <Filter>Multiplayer</Filter>
    </ClCompile>
    <ClCompile Include="..\..\Sdk\multiplayer\src\BitmapUtils.cpp">
      <Filter>srcfiles</Filter>
    </ClCompile>
    <ClCompile Include="helpers.cpp">
      <Filter>srcfiles</Filter>
    </ClCompile>
    <ClCompile Include="..\stund\stun.cxx">
      <Filter>srcfiles</Filter>
    </ClCompile>
    <ClCompile Include="..\stund\udp.cxx">
      <Filter>srcfiles</Filter>
    </ClCompile>
  </ItemGroup>
  <ItemGroup>
    <ClInclude Include="airlinesDB.h">
      <Filter>headers</Filter>
    </ClInclude>
    <ClInclude Include="atcPosition.h">
      <Filter>headers</Filter>
    </ClInclude>
    <ClInclude Include="awyFinder.h">
      <Filter>headers</Filter>
    </ClInclude>
    <ClInclude Include="..\..\Sdk\multiplayer\src\BitmapUtils.h">
      <Filter>headers</Filter>
    </ClInclude>
    <ClInclude Include="chatWindow.h">
      <Filter>headers</Filter>
    </ClInclude>
    <ClInclude Include="common.h">
      <Filter>headers</Filter>
    </ClInclude>
    <ClInclude Include="configFile.h">
      <Filter>headers</Filter>
    </ClInclude>
    <ClInclude Include="connectForm.h">
      <Filter>headers</Filter>
    </ClInclude>
    <ClInclude Include="disconnectForm.h">
      <Filter>headers</Filter>
    </ClInclude>
    <ClInclude Include="FlightLogger.h">
      <Filter>headers</Filter>
    </ClInclude>
    <ClInclude Include="flightplanForm.h">
      <Filter>headers</Filter>
    </ClInclude>
    <ClInclude Include="FMCform.h">
      <Filter>headers</Filter>
    </ClInclude>
    <ClInclude Include="fsdapi.h">
      <Filter>headers</Filter>
    </ClInclude>
    <ClInclude Include="fsdmessage.h">
      <Filter>headers</Filter>
    </ClInclude>
    <ClInclude Include="FSDprotocol.h">
      <Filter>headers</Filter>
    </ClInclude>
    <ClInclude Include="..\..\Sdk\glext.h">
      <Filter>headers</Filter>
    </ClInclude>
    <ClInclude Include="helpers.h">
      <Filter>headers</Filter>
    </ClInclude>
    <ClInclude Include="..\..\Sdk\multiplayer\src\Interpolation.h">
      <Filter>headers</Filter>
    </ClInclude>
    <ClInclude Include="interpolator.h">
      <Filter>headers</Filter>
    </ClInclude>
    <ClInclude Include="messageHandler.h">
      <Filter>headers</Filter>
    </ClInclude>
    <ClInclude Include="messageWindow.h">
      <Filter>headers</Filter>
    </ClInclude>
    <ClInclude Include="multiplayer.h">
      <Filter>headers</Filter>
    </ClInclude>
    <ClInclude Include="multiplayerPilot.h">
      <Filter>headers</Filter>
    </ClInclude>
    <ClInclude Include="navQuery.h">
      <Filter>headers</Filter>
    </ClInclude>
    <ClInclude Include="planeposition.h">
      <Filter>headers</Filter>
    </ClInclude>
    <ClInclude Include="..\..\Sdk\multiplayer\src\PlatformUtils.h">
      <Filter>headers</Filter>
    </ClInclude>
    <ClInclude Include="refInspector.h">
      <Filter>headers</Filter>
    </ClInclude>
    <ClInclude Include="stbi_DDS_aug.h">
      <Filter>headers</Filter>
    </ClInclude>
    <ClInclude Include="stb_image_aug.h">
      <Filter>headers</Filter>
    </ClInclude>
    <ClInclude Include="SoundGraphics.h">
      <Filter>headers</Filter>
    </ClInclude>
    <ClInclude Include="stbi_DDS_aug_c.h">
      <Filter>headers</Filter>
    </ClInclude>
    <ClInclude Include="..\stund\StunClient.h">
      <Filter>headers</Filter>
    </ClInclude>
    <ClInclude Include="systemcallbacks.h">
      <Filter>headers</Filter>
    </ClInclude>
    <ClInclude Include="Tcas.h">
      <Filter>headers</Filter>
    </ClInclude>
    <ClInclude Include="ptpos.h">
      <Filter>headers</Filter>
    </ClInclude>
    <ClInclude Include="..\stund\stun.h">
      <Filter>headers</Filter>
    </ClInclude>
    <ClInclude Include="tcpsocket.h">
      <Filter>headers</Filter>
    </ClInclude>
    <ClInclude Include="TeamSpeak.h">
      <Filter>headers</Filter>
    </ClInclude>
    <ClInclude Include="..\..\Sdk\multiplayer\src\TexUtils.h">
      <Filter>headers</Filter>
    </ClInclude>
    <ClInclude Include="TLVpacket.h">
      <Filter>headers</Filter>
    </ClInclude>
    <ClInclude Include="TsRemoteImport.h">
      <Filter>headers</Filter>
    </ClInclude>
    <ClInclude Include="..\stund\udp.h">
      <Filter>headers</Filter>
    </ClInclude>
    <ClInclude Include="uiWindow.h">
      <Filter>headers</Filter>
    </ClInclude>
    <ClInclude Include="weatherGod.h">
      <Filter>headers</Filter>
    </ClInclude>
    <ClInclude Include="version.h">
      <Filter>headers</Filter>
    </ClInclude>
    <ClInclude Include="weatherPosition.h">
      <Filter>headers</Filter>
    </ClInclude>
    <ClInclude Include="WristWatch.h">
      <Filter>headers</Filter>
    </ClInclude>
    <ClInclude Include="xivap.h">
      <Filter>headers</Filter>
    </ClInclude>
    <ClInclude Include="..\..\Sdk\multiplayer\src\XObjDefs.h">
      <Filter>headers</Filter>
    </ClInclude>
    <ClInclude Include="..\..\Sdk\multiplayer\src\XObjReadWrite.h">
      <Filter>headers</Filter>
    </ClInclude>
    <ClInclude Include="..\..\Sdk\multiplayer\src\XOGLUtils.h">
      <Filter>headers</Filter>
    </ClInclude>
    <ClInclude Include="XPmessageBox.h">
      <Filter>headers</Filter>
    </ClInclude>
    <ClInclude Include="..\..\Sdk\multiplayer\src\XUtils.h">
      <Filter>headers</Filter>
    </ClInclude>
    <ClInclude Include="..\..\Sdk\multiplayer\src\zconf.h">
      <Filter>headers</Filter>
    </ClInclude>
    <ClInclude Include="..\..\Sdk\XSBComDefs.h">
      <Filter>headers</Filter>
    </ClInclude>
    <ClInclude Include="..\..\Sdk\multiplayer\include\XPMPPlaneRenderer.h">
      <Filter>Multiplayer</Filter>
    </ClInclude>
    <ClInclude Include="..\..\Sdk\multiplayer\src\XPMPMultiplayerVars.h">
      <Filter>Multiplayer</Filter>
    </ClInclude>
    <ClInclude Include="..\..\Sdk\multiplayer\src\XPMPMultiplayerObj.h">
      <Filter>Multiplayer</Filter>
    </ClInclude>
    <ClInclude Include="..\..\Sdk\multiplayer\src\XPMPMultiplayerCSL.h">
      <Filter>Multiplayer</Filter>
    </ClInclude>
    <ClInclude Include="..\..\Sdk\multiplayer\include\XPMPMultiplayer.h">
      <Filter>Multiplayer</Filter>
    </ClInclude>
    <ClInclude Include="aircraftDB.h">
      <Filter>headers</Filter>
    </ClInclude>
    <ClInclude Include="..\..\Sdk\multiplayer\src\zlib.h">
      <Filter>headers</Filter>
    </ClInclude>
    <ClInclude Include="HTTPClient.h">
      <Filter>headers</Filter>
    </ClInclude>
  </ItemGroup>
  <ItemGroup>
    <Library Include="..\FMOD\FMODWindows\api\lib\fmodex64_vc.lib">
      <Filter>librarys</Filter>
    </Library>
    <Library Include="..\FMOD\FMODWindows\api\lib\fmodex_vc.lib">
      <Filter>librarys</Filter>
    </Library>
    <Library Include="..\png\Windows\pnglib.lib">
      <Filter>librarys</Filter>
    </Library>
    <Library Include="..\png\Windows\pnglib64.lib">
      <Filter>librarys</Filter>
    </Library>
    <Library Include="..\..\Sdk\Libraries\Win\XPLM.lib">
      <Filter>librarys</Filter>
    </Library>
    <Library Include="..\..\SDK\Libraries\Win\XPLM_64.lib">
      <Filter>librarys</Filter>
    </Library>
    <Library Include="..\..\Sdk\Libraries\Win\XPWidgets.lib">
      <Filter>librarys</Filter>
    </Library>
    <Library Include="..\..\SDK\Libraries\Win\XPWidgets_64.lib">
      <Filter>librarys</Filter>
    </Library>
    <Library Include="..\zlib\win32\zlib.lib">
      <Filter>librarys</Filter>
    </Library>
    <Library Include="..\zlib\win32\zlib64.lib">
      <Filter>librarys</Filter>
    </Library>
  </ItemGroup>
  <ItemGroup>
    <Filter Include="srcfiles">
      <UniqueIdentifier>{cfe339d9-a99d-485f-ae10-a2441025ddb1}</UniqueIdentifier>
    </Filter>
    <Filter Include="headers">
      <UniqueIdentifier>{84cec017-7e77-4487-9405-39cec927fc20}</UniqueIdentifier>
    </Filter>
    <Filter Include="librarys">
      <UniqueIdentifier>{fae72deb-c5f5-4505-b970-1bed6b0aff91}</UniqueIdentifier>
    </Filter>
    <Filter Include="Multiplayer">
      <UniqueIdentifier>{b9668971-212d-4230-a197-b6a4f3d2015e}</UniqueIdentifier>
    </Filter>
  </ItemGroup>
</Project>